// !$*UTF8*$!
{
	archiveVersion = 1;
	classes = {
	};
	objectVersion = 46;
	objects = {

/* Begin PBXBuildFile section */
		8611D9321DD597C3006F9F98 /* TimelineEventDetailViewController.swift in Sources */ = {isa = PBXBuildFile; fileRef = 8611D9311DD597C3006F9F98 /* TimelineEventDetailViewController.swift */; };
		8611D9341DD645F5006F9F98 /* CustomOverlayView.swift in Sources */ = {isa = PBXBuildFile; fileRef = 8611D9331DD645F5006F9F98 /* CustomOverlayView.swift */; };
		8611D9391DD6926A006F9F98 /* CustomNavigationView.swift in Sources */ = {isa = PBXBuildFile; fileRef = 8611D9381DD6926A006F9F98 /* CustomNavigationView.swift */; };
		8611D93B1DD6B40B006F9F98 /* CustomPresentationAnimationController.swift in Sources */ = {isa = PBXBuildFile; fileRef = 8611D93A1DD6B40B006F9F98 /* CustomPresentationAnimationController.swift */; };
		86506F681DD4215E00112EDA /* AppDelegate.swift in Sources */ = {isa = PBXBuildFile; fileRef = 86506F671DD4215E00112EDA /* AppDelegate.swift */; };
		86506F6D1DD4215E00112EDA /* Timeline.storyboard in Resources */ = {isa = PBXBuildFile; fileRef = 86506F6B1DD4215E00112EDA /* Timeline.storyboard */; };
		86506F701DD4215E00112EDA /* StarWars.xcdatamodeld in Sources */ = {isa = PBXBuildFile; fileRef = 86506F6E1DD4215E00112EDA /* StarWars.xcdatamodeld */; };
		86506F721DD4215E00112EDA /* Assets.xcassets in Resources */ = {isa = PBXBuildFile; fileRef = 86506F711DD4215E00112EDA /* Assets.xcassets */; };
		86506F751DD4215E00112EDA /* LaunchScreen.storyboard in Resources */ = {isa = PBXBuildFile; fileRef = 86506F731DD4215E00112EDA /* LaunchScreen.storyboard */; };
		86506F801DD4215E00112EDA /* StarWarsTests.swift in Sources */ = {isa = PBXBuildFile; fileRef = 86506F7F1DD4215E00112EDA /* StarWarsTests.swift */; };
		86506F8E1DD4228100112EDA /* TimelineEvent.swift in Sources */ = {isa = PBXBuildFile; fileRef = 86506F8D1DD4228100112EDA /* TimelineEvent.swift */; };
		86506F901DD4243A00112EDA /* CoreDataStack.swift in Sources */ = {isa = PBXBuildFile; fileRef = 86506F8F1DD4243A00112EDA /* CoreDataStack.swift */; };
		86506F931DD4294200112EDA /* Date.swift in Sources */ = {isa = PBXBuildFile; fileRef = 86506F921DD4294200112EDA /* Date.swift */; };
		86506F951DD430F700112EDA /* Image.swift in Sources */ = {isa = PBXBuildFile; fileRef = 86506F941DD430F700112EDA /* Image.swift */; };
		86506F971DD4370D00112EDA /* TimelineCell.swift in Sources */ = {isa = PBXBuildFile; fileRef = 86506F961DD4370D00112EDA /* TimelineCell.swift */; };
		8694539E1DD7895E00D8F06B /* Assets.swift in Sources */ = {isa = PBXBuildFile; fileRef = 8694539D1DD7895E00D8F06B /* Assets.swift */; };
		86AB58B21DD8750500113FAB /* ViewExtension.swift in Sources */ = {isa = PBXBuildFile; fileRef = 86AB58B11DD8750500113FAB /* ViewExtension.swift */; };
		86F063001DD4ADD200A9F274 /* TimelineDataManager.swift in Sources */ = {isa = PBXBuildFile; fileRef = 86F062FF1DD4ADD200A9F274 /* TimelineDataManager.swift */; };
		86FD63741DD56233000088E8 /* TimelineEventListViewController.swift in Sources */ = {isa = PBXBuildFile; fileRef = 86FD63731DD56233000088E8 /* TimelineEventListViewController.swift */; };
		86FD63761DD58924000088E8 /* Reachability.swift in Sources */ = {isa = PBXBuildFile; fileRef = 86FD63751DD58924000088E8 /* Reachability.swift */; };
/* End PBXBuildFile section */

/* Begin PBXContainerItemProxy section */
		86506F7C1DD4215E00112EDA /* PBXContainerItemProxy */ = {
			isa = PBXContainerItemProxy;
			containerPortal = 86506F5C1DD4215D00112EDA /* Project object */;
			proxyType = 1;
			remoteGlobalIDString = 86506F631DD4215E00112EDA;
			remoteInfo = StarWars;
		};
/* End PBXContainerItemProxy section */

/* Begin PBXFileReference section */
		8611D9311DD597C3006F9F98 /* TimelineEventDetailViewController.swift */ = {isa = PBXFileReference; fileEncoding = 4; lastKnownFileType = sourcecode.swift; path = TimelineEventDetailViewController.swift; sourceTree = "<group>"; };
		8611D9331DD645F5006F9F98 /* CustomOverlayView.swift */ = {isa = PBXFileReference; fileEncoding = 4; lastKnownFileType = sourcecode.swift; path = CustomOverlayView.swift; sourceTree = "<group>"; };
		8611D9381DD6926A006F9F98 /* CustomNavigationView.swift */ = {isa = PBXFileReference; fileEncoding = 4; lastKnownFileType = sourcecode.swift; path = CustomNavigationView.swift; sourceTree = "<group>"; };
		8611D93A1DD6B40B006F9F98 /* CustomPresentationAnimationController.swift */ = {isa = PBXFileReference; fileEncoding = 4; lastKnownFileType = sourcecode.swift; path = CustomPresentationAnimationController.swift; sourceTree = "<group>"; };
		86506F641DD4215E00112EDA /* StarWars.app */ = {isa = PBXFileReference; explicitFileType = wrapper.application; includeInIndex = 0; path = StarWars.app; sourceTree = BUILT_PRODUCTS_DIR; };
		86506F671DD4215E00112EDA /* AppDelegate.swift */ = {isa = PBXFileReference; lastKnownFileType = sourcecode.swift; path = AppDelegate.swift; sourceTree = "<group>"; };
		86506F6C1DD4215E00112EDA /* Base */ = {isa = PBXFileReference; lastKnownFileType = file.storyboard; name = Base; path = Base.lproj/Timeline.storyboard; sourceTree = "<group>"; };
		86506F6F1DD4215E00112EDA /* StarWars.xcdatamodel */ = {isa = PBXFileReference; lastKnownFileType = wrapper.xcdatamodel; path = StarWars.xcdatamodel; sourceTree = "<group>"; };
		86506F711DD4215E00112EDA /* Assets.xcassets */ = {isa = PBXFileReference; lastKnownFileType = folder.assetcatalog; path = Assets.xcassets; sourceTree = "<group>"; };
		86506F741DD4215E00112EDA /* Base */ = {isa = PBXFileReference; lastKnownFileType = file.storyboard; name = Base; path = Base.lproj/LaunchScreen.storyboard; sourceTree = "<group>"; };
		86506F761DD4215E00112EDA /* Info.plist */ = {isa = PBXFileReference; lastKnownFileType = text.plist.xml; path = Info.plist; sourceTree = "<group>"; };
		86506F7B1DD4215E00112EDA /* StarWarsTests.xctest */ = {isa = PBXFileReference; explicitFileType = wrapper.cfbundle; includeInIndex = 0; path = StarWarsTests.xctest; sourceTree = BUILT_PRODUCTS_DIR; };
		86506F7F1DD4215E00112EDA /* StarWarsTests.swift */ = {isa = PBXFileReference; lastKnownFileType = sourcecode.swift; path = StarWarsTests.swift; sourceTree = "<group>"; };
		86506F811DD4215E00112EDA /* Info.plist */ = {isa = PBXFileReference; lastKnownFileType = text.plist.xml; path = Info.plist; sourceTree = "<group>"; };
		86506F8D1DD4228100112EDA /* TimelineEvent.swift */ = {isa = PBXFileReference; fileEncoding = 4; lastKnownFileType = sourcecode.swift; path = TimelineEvent.swift; sourceTree = "<group>"; };
		86506F8F1DD4243A00112EDA /* CoreDataStack.swift */ = {isa = PBXFileReference; fileEncoding = 4; lastKnownFileType = sourcecode.swift; path = CoreDataStack.swift; sourceTree = "<group>"; };
		86506F921DD4294200112EDA /* Date.swift */ = {isa = PBXFileReference; fileEncoding = 4; lastKnownFileType = sourcecode.swift; path = Date.swift; sourceTree = "<group>"; };
		86506F941DD430F700112EDA /* Image.swift */ = {isa = PBXFileReference; fileEncoding = 4; lastKnownFileType = sourcecode.swift; path = Image.swift; sourceTree = "<group>"; };
		86506F961DD4370D00112EDA /* TimelineCell.swift */ = {isa = PBXFileReference; fileEncoding = 4; lastKnownFileType = sourcecode.swift; path = TimelineCell.swift; sourceTree = "<group>"; };
		8694539D1DD7895E00D8F06B /* Assets.swift */ = {isa = PBXFileReference; fileEncoding = 4; lastKnownFileType = sourcecode.swift; path = Assets.swift; sourceTree = "<group>"; };
		86AB58B11DD8750500113FAB /* ViewExtension.swift */ = {isa = PBXFileReference; fileEncoding = 4; lastKnownFileType = sourcecode.swift; path = ViewExtension.swift; sourceTree = "<group>"; };
		86F062FF1DD4ADD200A9F274 /* TimelineDataManager.swift */ = {isa = PBXFileReference; fileEncoding = 4; lastKnownFileType = sourcecode.swift; path = TimelineDataManager.swift; sourceTree = "<group>"; };
		86FD63731DD56233000088E8 /* TimelineEventListViewController.swift */ = {isa = PBXFileReference; fileEncoding = 4; lastKnownFileType = sourcecode.swift; path = TimelineEventListViewController.swift; sourceTree = "<group>"; };
		86FD63751DD58924000088E8 /* Reachability.swift */ = {isa = PBXFileReference; fileEncoding = 4; lastKnownFileType = sourcecode.swift; path = Reachability.swift; sourceTree = "<group>"; };
/* End PBXFileReference section */

/* Begin PBXFrameworksBuildPhase section */
		86506F611DD4215E00112EDA /* Frameworks */ = {
			isa = PBXFrameworksBuildPhase;
			buildActionMask = 2147483647;
			files = (
			);
			runOnlyForDeploymentPostprocessing = 0;
		};
		86506F781DD4215E00112EDA /* Frameworks */ = {
			isa = PBXFrameworksBuildPhase;
			buildActionMask = 2147483647;
			files = (
			);
			runOnlyForDeploymentPostprocessing = 0;
		};
/* End PBXFrameworksBuildPhase section */

/* Begin PBXGroup section */
		8611D9351DD64FC3006F9F98 /* Assets */ = {
			isa = PBXGroup;
			children = (
				8694539D1DD7895E00D8F06B /* Assets.swift */,
				86506F711DD4215E00112EDA /* Assets.xcassets */,
			);
			name = Assets;
			sourceTree = "<group>";
		};
		86506F5B1DD4215D00112EDA = {
			isa = PBXGroup;
			children = (
				86506F661DD4215E00112EDA /* StarWars */,
				86506F7E1DD4215E00112EDA /* StarWarsTests */,
				86506F651DD4215E00112EDA /* Products */,
			);
			sourceTree = "<group>";
		};
		86506F651DD4215E00112EDA /* Products */ = {
			isa = PBXGroup;
			children = (
				86506F641DD4215E00112EDA /* StarWars.app */,
				86506F7B1DD4215E00112EDA /* StarWarsTests.xctest */,
			);
			name = Products;
			sourceTree = "<group>";
		};
		86506F661DD4215E00112EDA /* StarWars */ = {
			isa = PBXGroup;
			children = (
				86506F761DD4215E00112EDA /* Info.plist */,
				86506F731DD4215E00112EDA /* LaunchScreen.storyboard */,
				86506F671DD4215E00112EDA /* AppDelegate.swift */,
				86506F8F1DD4243A00112EDA /* CoreDataStack.swift */,
				86506F6E1DD4215E00112EDA /* StarWars.xcdatamodeld */,
				86506F8A1DD4222400112EDA /* Models */,
				86506F8B1DD4222A00112EDA /* Views */,
				86F062FE1DD4AD9400A9F274 /* DataManager */,
				86506F8C1DD4223100112EDA /* ViewControllers */,
				86506F911DD4292D00112EDA /* Helper */,
				8611D9351DD64FC3006F9F98 /* Assets */,
			);
			path = StarWars;
			sourceTree = "<group>";
		};
		86506F7E1DD4215E00112EDA /* StarWarsTests */ = {
			isa = PBXGroup;
			children = (
				86506F7F1DD4215E00112EDA /* StarWarsTests.swift */,
				86506F811DD4215E00112EDA /* Info.plist */,
			);
			path = StarWarsTests;
			sourceTree = "<group>";
		};
		86506F8A1DD4222400112EDA /* Models */ = {
			isa = PBXGroup;
			children = (
				86506F8D1DD4228100112EDA /* TimelineEvent.swift */,
			);
			name = Models;
			sourceTree = "<group>";
		};
		86506F8B1DD4222A00112EDA /* Views */ = {
			isa = PBXGroup;
			children = (
				86506F6B1DD4215E00112EDA /* Timeline.storyboard */,
				86506F961DD4370D00112EDA /* TimelineCell.swift */,
				8611D9331DD645F5006F9F98 /* CustomOverlayView.swift */,
				8611D9381DD6926A006F9F98 /* CustomNavigationView.swift */,
			);
			name = Views;
			sourceTree = "<group>";
		};
		86506F8C1DD4223100112EDA /* ViewControllers */ = {
			isa = PBXGroup;
			children = (
				86FD63731DD56233000088E8 /* TimelineEventListViewController.swift */,
				8611D93A1DD6B40B006F9F98 /* CustomPresentationAnimationController.swift */,
				8611D9311DD597C3006F9F98 /* TimelineEventDetailViewController.swift */,
			);
			name = ViewControllers;
			sourceTree = "<group>";
		};
		86506F911DD4292D00112EDA /* Helper */ = {
			isa = PBXGroup;
			children = (
				86FD63751DD58924000088E8 /* Reachability.swift */,
				86506F921DD4294200112EDA /* Date.swift */,
				86506F941DD430F700112EDA /* Image.swift */,
				86AB58B11DD8750500113FAB /* ViewExtension.swift */,
			);
			name = Helper;
			sourceTree = "<group>";
		};
		86F062FE1DD4AD9400A9F274 /* DataManager */ = {
			isa = PBXGroup;
			children = (
				86F062FF1DD4ADD200A9F274 /* TimelineDataManager.swift */,
			);
			name = DataManager;
			sourceTree = "<group>";
		};
/* End PBXGroup section */

/* Begin PBXNativeTarget section */
		86506F631DD4215E00112EDA /* StarWars */ = {
			isa = PBXNativeTarget;
			buildConfigurationList = 86506F841DD4215E00112EDA /* Build configuration list for PBXNativeTarget "StarWars" */;
			buildPhases = (
				86506F601DD4215E00112EDA /* Sources */,
				86506F611DD4215E00112EDA /* Frameworks */,
				86506F621DD4215E00112EDA /* Resources */,
			);
			buildRules = (
			);
			dependencies = (
			);
			name = StarWars;
			productName = StarWars;
			productReference = 86506F641DD4215E00112EDA /* StarWars.app */;
			productType = "com.apple.product-type.application";
		};
		86506F7A1DD4215E00112EDA /* StarWarsTests */ = {
			isa = PBXNativeTarget;
			buildConfigurationList = 86506F871DD4215E00112EDA /* Build configuration list for PBXNativeTarget "StarWarsTests" */;
			buildPhases = (
				86506F771DD4215E00112EDA /* Sources */,
				86506F781DD4215E00112EDA /* Frameworks */,
				86506F791DD4215E00112EDA /* Resources */,
			);
			buildRules = (
			);
			dependencies = (
				86506F7D1DD4215E00112EDA /* PBXTargetDependency */,
			);
			name = StarWarsTests;
			productName = StarWarsTests;
			productReference = 86506F7B1DD4215E00112EDA /* StarWarsTests.xctest */;
			productType = "com.apple.product-type.bundle.unit-test";
		};
/* End PBXNativeTarget section */

/* Begin PBXProject section */
		86506F5C1DD4215D00112EDA /* Project object */ = {
			isa = PBXProject;
			attributes = {
				LastSwiftUpdateCheck = 0810;
				LastUpgradeCheck = 0810;
				ORGANIZATIONNAME = nyoon;
				TargetAttributes = {
					86506F631DD4215E00112EDA = {
						CreatedOnToolsVersion = 8.1;
						ProvisioningStyle = Automatic;
					};
					86506F7A1DD4215E00112EDA = {
						CreatedOnToolsVersion = 8.1;
						DevelopmentTeam = 5K785Q5R9U;
						ProvisioningStyle = Automatic;
						TestTargetID = 86506F631DD4215E00112EDA;
					};
				};
			};
			buildConfigurationList = 86506F5F1DD4215D00112EDA /* Build configuration list for PBXProject "StarWars" */;
			compatibilityVersion = "Xcode 3.2";
			developmentRegion = English;
			hasScannedForEncodings = 0;
			knownRegions = (
				en,
				Base,
			);
			mainGroup = 86506F5B1DD4215D00112EDA;
			productRefGroup = 86506F651DD4215E00112EDA /* Products */;
			projectDirPath = "";
			projectRoot = "";
			targets = (
				86506F631DD4215E00112EDA /* StarWars */,
				86506F7A1DD4215E00112EDA /* StarWarsTests */,
			);
		};
/* End PBXProject section */

/* Begin PBXResourcesBuildPhase section */
		86506F621DD4215E00112EDA /* Resources */ = {
			isa = PBXResourcesBuildPhase;
			buildActionMask = 2147483647;
			files = (
				86506F751DD4215E00112EDA /* LaunchScreen.storyboard in Resources */,
				86506F721DD4215E00112EDA /* Assets.xcassets in Resources */,
				86506F6D1DD4215E00112EDA /* Timeline.storyboard in Resources */,
			);
			runOnlyForDeploymentPostprocessing = 0;
		};
		86506F791DD4215E00112EDA /* Resources */ = {
			isa = PBXResourcesBuildPhase;
			buildActionMask = 2147483647;
			files = (
			);
			runOnlyForDeploymentPostprocessing = 0;
		};
/* End PBXResourcesBuildPhase section */

/* Begin PBXSourcesBuildPhase section */
		86506F601DD4215E00112EDA /* Sources */ = {
			isa = PBXSourcesBuildPhase;
			buildActionMask = 2147483647;
			files = (
				86506F951DD430F700112EDA /* Image.swift in Sources */,
				86506F901DD4243A00112EDA /* CoreDataStack.swift in Sources */,
				86FD63741DD56233000088E8 /* TimelineEventListViewController.swift in Sources */,
				8611D9321DD597C3006F9F98 /* TimelineEventDetailViewController.swift in Sources */,
				8611D9341DD645F5006F9F98 /* CustomOverlayView.swift in Sources */,
				8611D93B1DD6B40B006F9F98 /* CustomPresentationAnimationController.swift in Sources */,
				86506F971DD4370D00112EDA /* TimelineCell.swift in Sources */,
				86AB58B21DD8750500113FAB /* ViewExtension.swift in Sources */,
				86506F931DD4294200112EDA /* Date.swift in Sources */,
				8694539E1DD7895E00D8F06B /* Assets.swift in Sources */,
				8611D9391DD6926A006F9F98 /* CustomNavigationView.swift in Sources */,
				86506F681DD4215E00112EDA /* AppDelegate.swift in Sources */,
				86506F701DD4215E00112EDA /* StarWars.xcdatamodeld in Sources */,
				86F063001DD4ADD200A9F274 /* TimelineDataManager.swift in Sources */,
				86FD63761DD58924000088E8 /* Reachability.swift in Sources */,
				86506F8E1DD4228100112EDA /* TimelineEvent.swift in Sources */,
			);
			runOnlyForDeploymentPostprocessing = 0;
		};
		86506F771DD4215E00112EDA /* Sources */ = {
			isa = PBXSourcesBuildPhase;
			buildActionMask = 2147483647;
			files = (
				86506F801DD4215E00112EDA /* StarWarsTests.swift in Sources */,
			);
			runOnlyForDeploymentPostprocessing = 0;
		};
/* End PBXSourcesBuildPhase section */

/* Begin PBXTargetDependency section */
		86506F7D1DD4215E00112EDA /* PBXTargetDependency */ = {
			isa = PBXTargetDependency;
			target = 86506F631DD4215E00112EDA /* StarWars */;
			targetProxy = 86506F7C1DD4215E00112EDA /* PBXContainerItemProxy */;
		};
/* End PBXTargetDependency section */

/* Begin PBXVariantGroup section */
		86506F6B1DD4215E00112EDA /* Timeline.storyboard */ = {
			isa = PBXVariantGroup;
			children = (
				86506F6C1DD4215E00112EDA /* Base */,
			);
			name = Timeline.storyboard;
			sourceTree = "<group>";
		};
		86506F731DD4215E00112EDA /* LaunchScreen.storyboard */ = {
			isa = PBXVariantGroup;
			children = (
				86506F741DD4215E00112EDA /* Base */,
			);
			name = LaunchScreen.storyboard;
			sourceTree = "<group>";
		};
/* End PBXVariantGroup section */

/* Begin XCBuildConfiguration section */
		86506F821DD4215E00112EDA /* Debug */ = {
			isa = XCBuildConfiguration;
			buildSettings = {
				ALWAYS_SEARCH_USER_PATHS = NO;
				CLANG_ANALYZER_NONNULL = YES;
				CLANG_CXX_LANGUAGE_STANDARD = "gnu++0x";
				CLANG_CXX_LIBRARY = "libc++";
				CLANG_ENABLE_MODULES = YES;
				CLANG_ENABLE_OBJC_ARC = YES;
				CLANG_WARN_BOOL_CONVERSION = YES;
				CLANG_WARN_CONSTANT_CONVERSION = YES;
				CLANG_WARN_DIRECT_OBJC_ISA_USAGE = YES_ERROR;
				CLANG_WARN_DOCUMENTATION_COMMENTS = YES;
				CLANG_WARN_EMPTY_BODY = YES;
				CLANG_WARN_ENUM_CONVERSION = YES;
				CLANG_WARN_INFINITE_RECURSION = YES;
				CLANG_WARN_INT_CONVERSION = YES;
				CLANG_WARN_OBJC_ROOT_CLASS = YES_ERROR;
				CLANG_WARN_SUSPICIOUS_MOVES = YES;
				CLANG_WARN_UNREACHABLE_CODE = YES;
				CLANG_WARN__DUPLICATE_METHOD_MATCH = YES;
				"CODE_SIGN_IDENTITY[sdk=iphoneos*]" = "iPhone Developer";
				COPY_PHASE_STRIP = NO;
				DEBUG_INFORMATION_FORMAT = dwarf;
				ENABLE_STRICT_OBJC_MSGSEND = YES;
				ENABLE_TESTABILITY = YES;
				GCC_C_LANGUAGE_STANDARD = gnu99;
				GCC_DYNAMIC_NO_PIC = NO;
				GCC_NO_COMMON_BLOCKS = YES;
				GCC_OPTIMIZATION_LEVEL = 0;
				GCC_PREPROCESSOR_DEFINITIONS = (
					"DEBUG=1",
					"$(inherited)",
				);
				GCC_WARN_64_TO_32_BIT_CONVERSION = YES;
				GCC_WARN_ABOUT_RETURN_TYPE = YES_ERROR;
				GCC_WARN_UNDECLARED_SELECTOR = YES;
				GCC_WARN_UNINITIALIZED_AUTOS = YES_AGGRESSIVE;
				GCC_WARN_UNUSED_FUNCTION = YES;
				GCC_WARN_UNUSED_VARIABLE = YES;
				IPHONEOS_DEPLOYMENT_TARGET = 10.1;
				MTL_ENABLE_DEBUG_INFO = YES;
				ONLY_ACTIVE_ARCH = YES;
				SDKROOT = iphoneos;
				SWIFT_ACTIVE_COMPILATION_CONDITIONS = DEBUG;
				SWIFT_OPTIMIZATION_LEVEL = "-Onone";
				TARGETED_DEVICE_FAMILY = "1,2";
			};
			name = Debug;
		};
		86506F831DD4215E00112EDA /* Release */ = {
			isa = XCBuildConfiguration;
			buildSettings = {
				ALWAYS_SEARCH_USER_PATHS = NO;
				CLANG_ANALYZER_NONNULL = YES;
				CLANG_CXX_LANGUAGE_STANDARD = "gnu++0x";
				CLANG_CXX_LIBRARY = "libc++";
				CLANG_ENABLE_MODULES = YES;
				CLANG_ENABLE_OBJC_ARC = YES;
				CLANG_WARN_BOOL_CONVERSION = YES;
				CLANG_WARN_CONSTANT_CONVERSION = YES;
				CLANG_WARN_DIRECT_OBJC_ISA_USAGE = YES_ERROR;
				CLANG_WARN_DOCUMENTATION_COMMENTS = YES;
				CLANG_WARN_EMPTY_BODY = YES;
				CLANG_WARN_ENUM_CONVERSION = YES;
				CLANG_WARN_INFINITE_RECURSION = YES;
				CLANG_WARN_INT_CONVERSION = YES;
				CLANG_WARN_OBJC_ROOT_CLASS = YES_ERROR;
				CLANG_WARN_SUSPICIOUS_MOVES = YES;
				CLANG_WARN_UNREACHABLE_CODE = YES;
				CLANG_WARN__DUPLICATE_METHOD_MATCH = YES;
				"CODE_SIGN_IDENTITY[sdk=iphoneos*]" = "iPhone Developer";
				COPY_PHASE_STRIP = NO;
				DEBUG_INFORMATION_FORMAT = "dwarf-with-dsym";
				ENABLE_NS_ASSERTIONS = NO;
				ENABLE_STRICT_OBJC_MSGSEND = YES;
				GCC_C_LANGUAGE_STANDARD = gnu99;
				GCC_NO_COMMON_BLOCKS = YES;
				GCC_WARN_64_TO_32_BIT_CONVERSION = YES;
				GCC_WARN_ABOUT_RETURN_TYPE = YES_ERROR;
				GCC_WARN_UNDECLARED_SELECTOR = YES;
				GCC_WARN_UNINITIALIZED_AUTOS = YES_AGGRESSIVE;
				GCC_WARN_UNUSED_FUNCTION = YES;
				GCC_WARN_UNUSED_VARIABLE = YES;
				IPHONEOS_DEPLOYMENT_TARGET = 10.1;
				MTL_ENABLE_DEBUG_INFO = NO;
				SDKROOT = iphoneos;
				SWIFT_OPTIMIZATION_LEVEL = "-Owholemodule";
				TARGETED_DEVICE_FAMILY = "1,2";
				VALIDATE_PRODUCT = YES;
			};
			name = Release;
		};
		86506F851DD4215E00112EDA /* Debug */ = {
			isa = XCBuildConfiguration;
			buildSettings = {
				ASSETCATALOG_COMPILER_APPICON_NAME = AppIcon;
				DEVELOPMENT_TEAM = "";
				INFOPLIST_FILE = StarWars/Info.plist;
				IPHONEOS_DEPLOYMENT_TARGET = 8.0;
				LD_RUNPATH_SEARCH_PATHS = "$(inherited) @executable_path/Frameworks";
				PRODUCT_BUNDLE_IDENTIFIER = com.nyoon.StarWars;
				PRODUCT_NAME = "$(TARGET_NAME)";
				SWIFT_VERSION = 3.0;
			};
			name = Debug;
		};
		86506F861DD4215E00112EDA /* Release */ = {
			isa = XCBuildConfiguration;
			buildSettings = {
				ASSETCATALOG_COMPILER_APPICON_NAME = AppIcon;
				DEVELOPMENT_TEAM = "";
				INFOPLIST_FILE = StarWars/Info.plist;
				IPHONEOS_DEPLOYMENT_TARGET = 8.0;
				LD_RUNPATH_SEARCH_PATHS = "$(inherited) @executable_path/Frameworks";
				PRODUCT_BUNDLE_IDENTIFIER = com.nyoon.StarWars;
				PRODUCT_NAME = "$(TARGET_NAME)";
				SWIFT_VERSION = 3.0;
			};
			name = Release;
		};
		86506F881DD4215E00112EDA /* Debug */ = {
			isa = XCBuildConfiguration;
			buildSettings = {
				ALWAYS_EMBED_SWIFT_STANDARD_LIBRARIES = YES;
				BUNDLE_LOADER = "$(TEST_HOST)";
				DEVELOPMENT_TEAM = 5K785Q5R9U;
				INFOPLIST_FILE = StarWarsTests/Info.plist;
				LD_RUNPATH_SEARCH_PATHS = "$(inherited) @executable_path/Frameworks @loader_path/Frameworks";
				PRODUCT_BUNDLE_IDENTIFIER = com.nyoon.StarWarsTests;
				PRODUCT_NAME = "$(TARGET_NAME)";
				SWIFT_VERSION = 3.0;
				TEST_HOST = "$(BUILT_PRODUCTS_DIR)/StarWars.app/StarWars";
			};
			name = Debug;
		};
		86506F891DD4215E00112EDA /* Release */ = {
			isa = XCBuildConfiguration;
			buildSettings = {
				ALWAYS_EMBED_SWIFT_STANDARD_LIBRARIES = YES;
				BUNDLE_LOADER = "$(TEST_HOST)";
				DEVELOPMENT_TEAM = 5K785Q5R9U;
				INFOPLIST_FILE = StarWarsTests/Info.plist;
				LD_RUNPATH_SEARCH_PATHS = "$(inherited) @executable_path/Frameworks @loader_path/Frameworks";
				PRODUCT_BUNDLE_IDENTIFIER = com.nyoon.StarWarsTests;
				PRODUCT_NAME = "$(TARGET_NAME)";
				SWIFT_VERSION = 3.0;
				TEST_HOST = "$(BUILT_PRODUCTS_DIR)/StarWars.app/StarWars";
			};
			name = Release;
		};
/* End XCBuildConfiguration section */

/* Begin XCConfigurationList section */
		86506F5F1DD4215D00112EDA /* Build configuration list for PBXProject "StarWars" */ = {
			isa = XCConfigurationList;
			buildConfigurations = (
				86506F821DD4215E00112EDA /* Debug */,
				86506F831DD4215E00112EDA /* Release */,
			);
			defaultConfigurationIsVisible = 0;
			defaultConfigurationName = Release;
		};
		86506F841DD4215E00112EDA /* Build configuration list for PBXNativeTarget "StarWars" */ = {
			isa = XCConfigurationList;
			buildConfigurations = (
				86506F851DD4215E00112EDA /* Debug */,
				86506F861DD4215E00112EDA /* Release */,
			);
			defaultConfigurationIsVisible = 0;
			defaultConfigurationName = Release;
		};
		86506F871DD4215E00112EDA /* Build configuration list for PBXNativeTarget "StarWarsTests" */ = {
			isa = XCConfigurationList;
			buildConfigurations = (
				86506F881DD4215E00112EDA /* Debug */,
				86506F891DD4215E00112EDA /* Release */,
			);
			defaultConfigurationIsVisible = 0;
			defaultConfigurationName = Release;
		};
/* End XCConfigurationList section */

/* Begin XCVersionGroup section */
		86506F6E1DD4215E00112EDA /* StarWars.xcdatamodeld */ = {
			isa = XCVersionGroup;
			children = (
				86506F6F1DD4215E00112EDA /* StarWars.xcdatamodel */,
			);
			currentVersion = 86506F6F1DD4215E00112EDA /* StarWars.xcdatamodel */;
			path = StarWars.xcdatamodeld;
			sourceTree = "<group>";
			versionGroupType = wrapper.xcdatamodel;
		};
/* End XCVersionGroup section */
	};
	rootObject = 86506F5C1DD4215D00112EDA /* Project object */;
}
